
Microsoft Visual Studio Solution File, Format Version 12.00
# Visual Studio Version 17
VisualStudioVersion = 17.3.32922.545
MinimumVisualStudioVersion = 10.0.40219.1
Project("{FAE04EC0-301F-11D3-BF4B-00C04F79EFBC}") = "aspnetserver", "aspnetserver\aspnetserver.csproj", "{1BCD22CF-B5AB-4E58-B5BD-8CDD525DF3C2}"
EndProject
Global
	GlobalSection(SolutionConfigurationPlatforms) = preSolution
		Debug|Any CPU = Debug|Any CPU
		Release|Any CPU = Release|Any CPU
	EndGlobalSection
	GlobalSection(ProjectConfigurationPlatforms) = postSolution
		{1BCD22CF-B5AB-4E58-B5BD-8CDD525DF3C2}.Debug|Any CPU.ActiveCfg = Debug|Any CPU
		{1BCD22CF-B5AB-4E58-B5BD-8CDD525DF3C2}.Debug|Any CPU.Build.0 = Debug|Any CPU
		{1BCD22CF-B5AB-4E58-B5BD-8CDD525DF3C2}.Release|Any CPU.ActiveCfg = Release|Any CPU
		{1BCD22CF-B5AB-4E58-B5BD-8CDD525DF3C2}.Release|Any CPU.Build.0 = Release|Any CPU
	EndGlobalSection
	GlobalSection(SolutionProperties) = preSolution
		HideSolutionNode = FALSE
	EndGlobalSection
	GlobalSection(ExtensibilityGlobals) = postSolution
		SolutionGuid = {7661A38C-3DFA-4E73-AC21-098590037A7A}
	EndGlobalSection
EndGlobal
